<Solution>
  <Folder Name="/src/">
    <Project Path="src/AethericContracts.Membership/AethericContracts.Membership.csproj" />
    <Project Path="src/AethericContracts.Interactions/AethericContracts.Interactions.csproj" />
  </Folder>
  <Folder Name="/tests/">
    <Project Path="tests/AethericContracts.Membership.Tests/AethericContracts.Membership.Tests.csproj" />
  </Folder>
</Solution>
